
Microsoft Visual Studio Solution File, Format Version 12.00
# Visual Studio Version 17
VisualStudioVersion = 17.9.34622.214
MinimumVisualStudioVersion = 10.0.40219.1
Project("{FAE04EC0-301F-11D3-BF4B-00C04F79EFBC}") = "GameIndustry2", "GameIndustry2.csproj", "{2C19A648-6E18-4E8A-8750-24F4E1AC8A0C}"
EndProject
Global
	GlobalSection(SolutionConfigurationPlatforms) = preSolution
		Debug|Any CPU = Debug|Any CPU
		Release|Any CPU = Release|Any CPU
	EndGlobalSection
	GlobalSection(ProjectConfigurationPlatforms) = postSolution
		{2C19A648-6E18-4E8A-8750-24F4E1AC8A0C}.Debug|Any CPU.ActiveCfg = Debug|Any CPU
		{2C19A648-6E18-4E8A-8750-24F4E1AC8A0C}.Debug|Any CPU.Build.0 = Debug|Any CPU
		{2C19A648-6E18-4E8A-8750-24F4E1AC8A0C}.Release|Any CPU.ActiveCfg = Release|Any CPU
		{2C19A648-6E18-4E8A-8750-24F4E1AC8A0C}.Release|Any CPU.Build.0 = Release|Any CPU
	EndGlobalSection
	GlobalSection(SolutionProperties) = preSolution
		HideSolutionNode = FALSE
	EndGlobalSection
	GlobalSection(ExtensibilityGlobals) = postSolution
		SolutionGuid = {9256A74E-2400-4925-AF2C-2620A752269F}
	EndGlobalSection
EndGlobal
